
Microsoft Visual Studio Solution File, Format Version 12.00
# Visual Studio Version 17
VisualStudioVersion = 17.5.33502.453
MinimumVisualStudioVersion = 10.0.40219.1
Project("{9A19103F-16F7-4668-BE54-9A1E7A4F7556}") = "DNAOrderAPI", "DNAOrderAPI.csproj", "{65CBC4E1-B19E-428A-B1E8-623EC1923B95}"
EndProject
Project("{FAE04EC0-301F-11D3-BF4B-00C04F79EFBC}") = "DNAOrderAPI.Tests", "..\TestProject2\DNAOrderAPI.Tests.csproj", "{36B08CE2-99F2-4239-83A6-E7DA3997E31B}"
EndProject
Global
	GlobalSection(SolutionConfigurationPlatforms) = preSolution
		Debug|Any CPU = Debug|Any CPU
		Release|Any CPU = Release|Any CPU
	EndGlobalSection
	GlobalSection(ProjectConfigurationPlatforms) = postSolution
		{65CBC4E1-B19E-428A-B1E8-623EC1923B95}.Debug|Any CPU.ActiveCfg = Debug|Any CPU
		{65CBC4E1-B19E-428A-B1E8-623EC1923B95}.Debug|Any CPU.Build.0 = Debug|Any CPU
		{65CBC4E1-B19E-428A-B1E8-623EC1923B95}.Release|Any CPU.ActiveCfg = Release|Any CPU
		{65CBC4E1-B19E-428A-B1E8-623EC1923B95}.Release|Any CPU.Build.0 = Release|Any CPU
		{36B08CE2-99F2-4239-83A6-E7DA3997E31B}.Debug|Any CPU.ActiveCfg = Debug|Any CPU
		{36B08CE2-99F2-4239-83A6-E7DA3997E31B}.Debug|Any CPU.Build.0 = Debug|Any CPU
		{36B08CE2-99F2-4239-83A6-E7DA3997E31B}.Release|Any CPU.ActiveCfg = Release|Any CPU
		{36B08CE2-99F2-4239-83A6-E7DA3997E31B}.Release|Any CPU.Build.0 = Release|Any CPU
	EndGlobalSection
	GlobalSection(SolutionProperties) = preSolution
		HideSolutionNode = FALSE
	EndGlobalSection
	GlobalSection(ExtensibilityGlobals) = postSolution
		SolutionGuid = {2BAC5092-B5FA-4646-BE0D-2F8C26DD32BF}
	EndGlobalSection
EndGlobal
